
Microsoft Visual Studio Solution File, Format Version 12.00
# Visual Studio 15
VisualStudioVersion = 15.0.27703.2000
MinimumVisualStudioVersion = 10.0.40219.1
Project("{FAE04EC0-301F-11D3-BF4B-00C04F79EFBC}") = "IRMDataManager", "IRMDataManager\IRMDataManager.csproj", "{12B61282-60E0-4525-9D00-2C352F1B26DB}"
EndProject
Project("{00D1A9C2-B5F0-4AF3-8072-F6C62B433612}") = "IRMData", "IRMData\IRMData.sqlproj", "{2727F076-24C8-498C-BDA2-245A1A2A150D}"
EndProject
Global
	GlobalSection(SolutionConfigurationPlatforms) = preSolution
		Debug|Any CPU = Debug|Any CPU
		Release|Any CPU = Release|Any CPU
	EndGlobalSection
	GlobalSection(ProjectConfigurationPlatforms) = postSolution
		{12B61282-60E0-4525-9D00-2C352F1B26DB}.Debug|Any CPU.ActiveCfg = Debug|Any CPU
		{12B61282-60E0-4525-9D00-2C352F1B26DB}.Debug|Any CPU.Build.0 = Debug|Any CPU
		{12B61282-60E0-4525-9D00-2C352F1B26DB}.Release|Any CPU.ActiveCfg = Release|Any CPU
		{12B61282-60E0-4525-9D00-2C352F1B26DB}.Release|Any CPU.Build.0 = Release|Any CPU
		{2727F076-24C8-498C-BDA2-245A1A2A150D}.Debug|Any CPU.ActiveCfg = Debug|Any CPU
		{2727F076-24C8-498C-BDA2-245A1A2A150D}.Debug|Any CPU.Build.0 = Debug|Any CPU
		{2727F076-24C8-498C-BDA2-245A1A2A150D}.Debug|Any CPU.Deploy.0 = Debug|Any CPU
		{2727F076-24C8-498C-BDA2-245A1A2A150D}.Release|Any CPU.ActiveCfg = Release|Any CPU
		{2727F076-24C8-498C-BDA2-245A1A2A150D}.Release|Any CPU.Build.0 = Release|Any CPU
		{2727F076-24C8-498C-BDA2-245A1A2A150D}.Release|Any CPU.Deploy.0 = Release|Any CPU
	EndGlobalSection
	GlobalSection(SolutionProperties) = preSolution
		HideSolutionNode = FALSE
	EndGlobalSection
	GlobalSection(ExtensibilityGlobals) = postSolution
		SolutionGuid = {38D95024-28BC-4D22-9DAC-F4CF355DBFDF}
	EndGlobalSection
EndGlobal
